// !$*UTF8*$!
{
	archiveVersion = 1;
	classes = {
	};
	objectVersion = 50;
	objects = {

/* Begin PBXBuildFile section */
		AE033BC825E67A7D00CA040D /* Grid.swift in Sources */ = {isa = PBXBuildFile; fileRef = AE033BC725E67A7D00CA040D /* Grid.swift */; };
		AE033BCB25E67CD500CA040D /* GridLayout.swift in Sources */ = {isa = PBXBuildFile; fileRef = AE033BCA25E67CD500CA040D /* GridLayout.swift */; };
		AE033BCE25E67E4900CA040D /* Array+Identifiable.swift in Sources */ = {isa = PBXBuildFile; fileRef = AE033BCD25E67E4900CA040D /* Array+Identifiable.swift */; };
		AE182BC525CC59B8007BDD4F /* AppDelegate.swift in Sources */ = {isa = PBXBuildFile; fileRef = AE182BC425CC59B8007BDD4F /* AppDelegate.swift */; };
		AE182BC725CC59B8007BDD4F /* SceneDelegate.swift in Sources */ = {isa = PBXBuildFile; fileRef = AE182BC625CC59B8007BDD4F /* SceneDelegate.swift */; };
		AE182BC925CC59B8007BDD4F /* EmojiMemoryGameView.swift in Sources */ = {isa = PBXBuildFile; fileRef = AE182BC825CC59B8007BDD4F /* EmojiMemoryGameView.swift */; };
		AE182BCB25CC59BA007BDD4F /* Assets.xcassets in Resources */ = {isa = PBXBuildFile; fileRef = AE182BCA25CC59BA007BDD4F /* Assets.xcassets */; };
		AE182BCE25CC59BA007BDD4F /* Preview Assets.xcassets in Resources */ = {isa = PBXBuildFile; fileRef = AE182BCD25CC59BA007BDD4F /* Preview Assets.xcassets */; };
		AE182BD125CC59BA007BDD4F /* LaunchScreen.storyboard in Resources */ = {isa = PBXBuildFile; fileRef = AE182BCF25CC59BA007BDD4F /* LaunchScreen.storyboard */; };
		AE182BDB25CC62EB007BDD4F /* MemoryGame.swift in Sources */ = {isa = PBXBuildFile; fileRef = AE182BDA25CC62EB007BDD4F /* MemoryGame.swift */; };
		AE182BDE25CC6367007BDD4F /* EmojiMemoryGame.swift in Sources */ = {isa = PBXBuildFile; fileRef = AE182BDD25CC6367007BDD4F /* EmojiMemoryGame.swift */; };
		AEEA9CCF25E6C93400DE0BB8 /* GameTheme.swift in Sources */ = {isa = PBXBuildFile; fileRef = AEEA9CCE25E6C93400DE0BB8 /* GameTheme.swift */; };
/* End PBXBuildFile section */

/* Begin PBXFileReference section */
		AE033BC725E67A7D00CA040D /* Grid.swift */ = {isa = PBXFileReference; lastKnownFileType = sourcecode.swift; path = Grid.swift; sourceTree = "<group>"; };
		AE033BCA25E67CD500CA040D /* GridLayout.swift */ = {isa = PBXFileReference; fileEncoding = 4; lastKnownFileType = sourcecode.swift; path = GridLayout.swift; sourceTree = "<group>"; };
		AE033BCD25E67E4900CA040D /* Array+Identifiable.swift */ = {isa = PBXFileReference; lastKnownFileType = sourcecode.swift; path = "Array+Identifiable.swift"; sourceTree = "<group>"; };
		AE182BC125CC59B8007BDD4F /* Practice.app */ = {isa = PBXFileReference; explicitFileType = wrapper.application; includeInIndex = 0; path = Practice.app; sourceTree = BUILT_PRODUCTS_DIR; };
		AE182BC425CC59B8007BDD4F /* AppDelegate.swift */ = {isa = PBXFileReference; lastKnownFileType = sourcecode.swift; path = AppDelegate.swift; sourceTree = "<group>"; };
		AE182BC625CC59B8007BDD4F /* SceneDelegate.swift */ = {isa = PBXFileReference; lastKnownFileType = sourcecode.swift; path = SceneDelegate.swift; sourceTree = "<group>"; };
		AE182BC825CC59B8007BDD4F /* EmojiMemoryGameView.swift */ = {isa = PBXFileReference; lastKnownFileType = sourcecode.swift; path = EmojiMemoryGameView.swift; sourceTree = "<group>"; };
		AE182BCA25CC59BA007BDD4F /* Assets.xcassets */ = {isa = PBXFileReference; lastKnownFileType = folder.assetcatalog; path = Assets.xcassets; sourceTree = "<group>"; };
		AE182BCD25CC59BA007BDD4F /* Preview Assets.xcassets */ = {isa = PBXFileReference; lastKnownFileType = folder.assetcatalog; path = "Preview Assets.xcassets"; sourceTree = "<group>"; };
		AE182BD025CC59BA007BDD4F /* Base */ = {isa = PBXFileReference; lastKnownFileType = file.storyboard; name = Base; path = Base.lproj/LaunchScreen.storyboard; sourceTree = "<group>"; };
		AE182BD225CC59BA007BDD4F /* Info.plist */ = {isa = PBXFileReference; lastKnownFileType = text.plist.xml; path = Info.plist; sourceTree = "<group>"; };
		AE182BDA25CC62EB007BDD4F /* MemoryGame.swift */ = {isa = PBXFileReference; lastKnownFileType = sourcecode.swift; path = MemoryGame.swift; sourceTree = "<group>"; };
		AE182BDD25CC6367007BDD4F /* EmojiMemoryGame.swift */ = {isa = PBXFileReference; lastKnownFileType = sourcecode.swift; path = EmojiMemoryGame.swift; sourceTree = "<group>"; };
		AEEA9CCE25E6C93400DE0BB8 /* GameTheme.swift */ = {isa = PBXFileReference; lastKnownFileType = sourcecode.swift; path = GameTheme.swift; sourceTree = "<group>"; };
/* End PBXFileReference section */

/* Begin PBXFrameworksBuildPhase section */
		AE182BBE25CC59B8007BDD4F /* Frameworks */ = {
			isa = PBXFrameworksBuildPhase;
			buildActionMask = 2147483647;
			files = (
			);
			runOnlyForDeploymentPostprocessing = 0;
		};
/* End PBXFrameworksBuildPhase section */

/* Begin PBXGroup section */
		AE182BB825CC59B8007BDD4F = {
			isa = PBXGroup;
			children = (
				AE182BC325CC59B8007BDD4F /* Practice */,
				AE182BC225CC59B8007BDD4F /* Products */,
			);
			sourceTree = "<group>";
		};
		AE182BC225CC59B8007BDD4F /* Products */ = {
			isa = PBXGroup;
			children = (
				AE182BC125CC59B8007BDD4F /* Practice.app */,
			);
			name = Products;
			sourceTree = "<group>";
		};
		AE182BC325CC59B8007BDD4F /* Practice */ = {
			isa = PBXGroup;
			children = (
				AE182BC425CC59B8007BDD4F /* AppDelegate.swift */,
				AE182BC625CC59B8007BDD4F /* SceneDelegate.swift */,
				AE182BC825CC59B8007BDD4F /* EmojiMemoryGameView.swift */,
				AE033BC725E67A7D00CA040D /* Grid.swift */,
				AE033BCD25E67E4900CA040D /* Array+Identifiable.swift */,
				AE033BCA25E67CD500CA040D /* GridLayout.swift */,
				AE182BDA25CC62EB007BDD4F /* MemoryGame.swift */,
				AE182BDD25CC6367007BDD4F /* EmojiMemoryGame.swift */,
				AEEA9CCE25E6C93400DE0BB8 /* GameTheme.swift */,
				AE182BCA25CC59BA007BDD4F /* Assets.xcassets */,
				AE182BCF25CC59BA007BDD4F /* LaunchScreen.storyboard */,
				AE182BD225CC59BA007BDD4F /* Info.plist */,
				AE182BCC25CC59BA007BDD4F /* Preview Content */,
			);
			path = Practice;
			sourceTree = "<group>";
		};
		AE182BCC25CC59BA007BDD4F /* Preview Content */ = {
			isa = PBXGroup;
			children = (
				AE182BCD25CC59BA007BDD4F /* Preview Assets.xcassets */,
			);
			path = "Preview Content";
			sourceTree = "<group>";
		};
/* End PBXGroup section */

/* Begin PBXNativeTarget section */
		AE182BC025CC59B8007BDD4F /* Practice */ = {
			isa = PBXNativeTarget;
			buildConfigurationList = AE182BD525CC59BA007BDD4F /* Build configuration list for PBXNativeTarget "Practice" */;
			buildPhases = (
				AE182BBD25CC59B8007BDD4F /* Sources */,
				AE182BBE25CC59B8007BDD4F /* Frameworks */,
				AE182BBF25CC59B8007BDD4F /* Resources */,
			);
			buildRules = (
			);
			dependencies = (
			);
			name = Practice;
			productName = Practice;
			productReference = AE182BC125CC59B8007BDD4F /* Practice.app */;
			productType = "com.apple.product-type.application";
		};
/* End PBXNativeTarget section */

/* Begin PBXProject section */
		AE182BB925CC59B8007BDD4F /* Project object */ = {
			isa = PBXProject;
			attributes = {
				LastSwiftUpdateCheck = 1240;
				LastUpgradeCheck = 1240;
				TargetAttributes = {
					AE182BC025CC59B8007BDD4F = {
						CreatedOnToolsVersion = 12.4;
					};
				};
			};
			buildConfigurationList = AE182BBC25CC59B8007BDD4F /* Build configuration list for PBXProject "Practice" */;
			compatibilityVersion = "Xcode 9.3";
			developmentRegion = en;
			hasScannedForEncodings = 0;
			knownRegions = (
				en,
				Base,
			);
			mainGroup = AE182BB825CC59B8007BDD4F;
			productRefGroup = AE182BC225CC59B8007BDD4F /* Products */;
			projectDirPath = "";
			projectRoot = "";
			targets = (
				AE182BC025CC59B8007BDD4F /* Practice */,
			);
		};
/* End PBXProject section */

/* Begin PBXResourcesBuildPhase section */
		AE182BBF25CC59B8007BDD4F /* Resources */ = {
			isa = PBXResourcesBuildPhase;
			buildActionMask = 2147483647;
			files = (
				AE182BD125CC59BA007BDD4F /* LaunchScreen.storyboard in Resources */,
				AE182BCE25CC59BA007BDD4F /* Preview Assets.xcassets in Resources */,
				AE182BCB25CC59BA007BDD4F /* Assets.xcassets in Resources */,
			);
			runOnlyForDeploymentPostprocessing = 0;
		};
/* End PBXResourcesBuildPhase section */

/* Begin PBXSourcesBuildPhase section */
		AE182BBD25CC59B8007BDD4F /* Sources */ = {
			isa = PBXSourcesBuildPhase;
			buildActionMask = 2147483647;
			files = (
				AE182BC525CC59B8007BDD4F /* AppDelegate.swift in Sources */,
				AE182BC725CC59B8007BDD4F /* SceneDelegate.swift in Sources */,
				AE182BDB25CC62EB007BDD4F /* MemoryGame.swift in Sources */,
				AE182BC925CC59B8007BDD4F /* EmojiMemoryGameView.swift in Sources */,
				AEEA9CCF25E6C93400DE0BB8 /* GameTheme.swift in Sources */,
				AE182BDE25CC6367007BDD4F /* EmojiMemoryGame.swift in Sources */,
				AE033BCE25E67E4900CA040D /* Array+Identifiable.swift in Sources */,
				AE033BCB25E67CD500CA040D /* GridLayout.swift in Sources */,
				AE033BC825E67A7D00CA040D /* Grid.swift in Sources */,
			);
			runOnlyForDeploymentPostprocessing = 0;
		};
/* End PBXSourcesBuildPhase section */

/* Begin PBXVariantGroup section */
		AE182BCF25CC59BA007BDD4F /* LaunchScreen.storyboard */ = {
			isa = PBXVariantGroup;
			children = (
				AE182BD025CC59BA007BDD4F /* Base */,
			);
			name = LaunchScreen.storyboard;
			sourceTree = "<group>";
		};
/* End PBXVariantGroup section */

/* Begin XCBuildConfiguration section */
		AE182BD325CC59BA007BDD4F /* Debug */ = {
			isa = XCBuildConfiguration;
			buildSettings = {
				ALWAYS_SEARCH_USER_PATHS = NO;
				CLANG_ANALYZER_NONNULL = YES;
				CLANG_ANALYZER_NUMBER_OBJECT_CONVERSION = YES_AGGRESSIVE;
				CLANG_CXX_LANGUAGE_STANDARD = "gnu++14";
				CLANG_CXX_LIBRARY = "libc++";
				CLANG_ENABLE_MODULES = YES;
				CLANG_ENABLE_OBJC_ARC = YES;
				CLANG_ENABLE_OBJC_WEAK = YES;
				CLANG_WARN_BLOCK_CAPTURE_AUTORELEASING = YES;
				CLANG_WARN_BOOL_CONVERSION = YES;
				CLANG_WARN_COMMA = YES;
				CLANG_WARN_CONSTANT_CONVERSION = YES;
				CLANG_WARN_DEPRECATED_OBJC_IMPLEMENTATIONS = YES;
				CLANG_WARN_DIRECT_OBJC_ISA_USAGE = YES_ERROR;
				CLANG_WARN_DOCUMENTATION_COMMENTS = YES;
				CLANG_WARN_EMPTY_BODY = YES;
				CLANG_WARN_ENUM_CONVERSION = YES;
				CLANG_WARN_INFINITE_RECURSION = YES;
				CLANG_WARN_INT_CONVERSION = YES;
				CLANG_WARN_NON_LITERAL_NULL_CONVERSION = YES;
				CLANG_WARN_OBJC_IMPLICIT_RETAIN_SELF = YES;
				CLANG_WARN_OBJC_LITERAL_CONVERSION = YES;
				CLANG_WARN_OBJC_ROOT_CLASS = YES_ERROR;
				CLANG_WARN_QUOTED_INCLUDE_IN_FRAMEWORK_HEADER = YES;
				CLANG_WARN_RANGE_LOOP_ANALYSIS = YES;
				CLANG_WARN_STRICT_PROTOTYPES = YES;
				CLANG_WARN_SUSPICIOUS_MOVE = YES;
				CLANG_WARN_UNGUARDED_AVAILABILITY = YES_AGGRESSIVE;
				CLANG_WARN_UNREACHABLE_CODE = YES;
				CLANG_WARN__DUPLICATE_METHOD_MATCH = YES;
				COPY_PHASE_STRIP = NO;
				DEBUG_INFORMATION_FORMAT = dwarf;
				ENABLE_STRICT_OBJC_MSGSEND = YES;
				ENABLE_TESTABILITY = YES;
				GCC_C_LANGUAGE_STANDARD = gnu11;
				GCC_DYNAMIC_NO_PIC = NO;
				GCC_NO_COMMON_BLOCKS = YES;
				GCC_OPTIMIZATION_LEVEL = 0;
				GCC_PREPROCESSOR_DEFINITIONS = (
					"DEBUG=1",
					"$(inherited)",
				);
				GCC_WARN_64_TO_32_BIT_CONVERSION = YES;
				GCC_WARN_ABOUT_RETURN_TYPE = YES_ERROR;
				GCC_WARN_UNDECLARED_SELECTOR = YES;
				GCC_WARN_UNINITIALIZED_AUTOS = YES_AGGRESSIVE;
				GCC_WARN_UNUSED_FUNCTION = YES;
				GCC_WARN_UNUSED_VARIABLE = YES;
				IPHONEOS_DEPLOYMENT_TARGET = 14.4;
				MTL_ENABLE_DEBUG_INFO = INCLUDE_SOURCE;
				MTL_FAST_MATH = YES;
				ONLY_ACTIVE_ARCH = YES;
				SDKROOT = iphoneos;
				SWIFT_ACTIVE_COMPILATION_CONDITIONS = DEBUG;
				SWIFT_OPTIMIZATION_LEVEL = "-Onone";
			};
			name = Debug;
		};
		AE182BD425CC59BA007BDD4F /* Release */ = {
			isa = XCBuildConfiguration;
			buildSettings = {
				ALWAYS_SEARCH_USER_PATHS = NO;
				CLANG_ANALYZER_NONNULL = YES;
				CLANG_ANALYZER_NUMBER_OBJECT_CONVERSION = YES_AGGRESSIVE;
				CLANG_CXX_LANGUAGE_STANDARD = "gnu++14";
				CLANG_CXX_LIBRARY = "libc++";
				CLANG_ENABLE_MODULES = YES;
				CLANG_ENABLE_OBJC_ARC = YES;
				CLANG_ENABLE_OBJC_WEAK = YES;
				CLANG_WARN_BLOCK_CAPTURE_AUTORELEASING = YES;
				CLANG_WARN_BOOL_CONVERSION = YES;
				CLANG_WARN_COMMA = YES;
				CLANG_WARN_CONSTANT_CONVERSION = YES;
				CLANG_WARN_DEPRECATED_OBJC_IMPLEMENTATIONS = YES;
				CLANG_WARN_DIRECT_OBJC_ISA_USAGE = YES_ERROR;
				CLANG_WARN_DOCUMENTATION_COMMENTS = YES;
				CLANG_WARN_EMPTY_BODY = YES;
				CLANG_WARN_ENUM_CONVERSION = YES;
				CLANG_WARN_INFINITE_RECURSION = YES;
				CLANG_WARN_INT_CONVERSION = YES;
				CLANG_WARN_NON_LITERAL_NULL_CONVERSION = YES;
				CLANG_WARN_OBJC_IMPLICIT_RETAIN_SELF = YES;
				CLANG_WARN_OBJC_LITERAL_CONVERSION = YES;
				CLANG_WARN_OBJC_ROOT_CLASS = YES_ERROR;
				CLANG_WARN_QUOTED_INCLUDE_IN_FRAMEWORK_HEADER = YES;
				CLANG_WARN_RANGE_LOOP_ANALYSIS = YES;
				CLANG_WARN_STRICT_PROTOTYPES = YES;
				CLANG_WARN_SUSPICIOUS_MOVE = YES;
				CLANG_WARN_UNGUARDED_AVAILABILITY = YES_AGGRESSIVE;
				CLANG_WARN_UNREACHABLE_CODE = YES;
				CLANG_WARN__DUPLICATE_METHOD_MATCH = YES;
				COPY_PHASE_STRIP = NO;
				DEBUG_INFORMATION_FORMAT = "dwarf-with-dsym";
				ENABLE_NS_ASSERTIONS = NO;
				ENABLE_STRICT_OBJC_MSGSEND = YES;
				GCC_C_LANGUAGE_STANDARD = gnu11;
				GCC_NO_COMMON_BLOCKS = YES;
				GCC_WARN_64_TO_32_BIT_CONVERSION = YES;
				GCC_WARN_ABOUT_RETURN_TYPE = YES_ERROR;
				GCC_WARN_UNDECLARED_SELECTOR = YES;
				GCC_WARN_UNINITIALIZED_AUTOS = YES_AGGRESSIVE;
				GCC_WARN_UNUSED_FUNCTION = YES;
				GCC_WARN_UNUSED_VARIABLE = YES;
				IPHONEOS_DEPLOYMENT_TARGET = 14.4;
				MTL_ENABLE_DEBUG_INFO = NO;
				MTL_FAST_MATH = YES;
				SDKROOT = iphoneos;
				SWIFT_COMPILATION_MODE = wholemodule;
				SWIFT_OPTIMIZATION_LEVEL = "-O";
				VALIDATE_PRODUCT = YES;
			};
			name = Release;
		};
		AE182BD625CC59BA007BDD4F /* Debug */ = {
			isa = XCBuildConfiguration;
			buildSettings = {
				ASSETCATALOG_COMPILER_APPICON_NAME = AppIcon;
				ASSETCATALOG_COMPILER_GLOBAL_ACCENT_COLOR_NAME = AccentColor;
				CODE_SIGN_STYLE = Automatic;
				DEVELOPMENT_ASSET_PATHS = "\"Practice/Preview Content\"";
				DEVELOPMENT_TEAM = 7UU57B563T;
				ENABLE_PREVIEWS = YES;
				INFOPLIST_FILE = Practice/Info.plist;
				LD_RUNPATH_SEARCH_PATHS = (
					"$(inherited)",
					"@executable_path/Frameworks",
				);
				PRODUCT_BUNDLE_IDENTIFIER = eunji.lim.Practice;
				PRODUCT_NAME = "$(TARGET_NAME)";
				SWIFT_VERSION = 5.0;
				TARGETED_DEVICE_FAMILY = "1,2";
			};
			name = Debug;
		};
		AE182BD725CC59BA007BDD4F /* Release */ = {
			isa = XCBuildConfiguration;
			buildSettings = {
				ASSETCATALOG_COMPILER_APPICON_NAME = AppIcon;
				ASSETCATALOG_COMPILER_GLOBAL_ACCENT_COLOR_NAME = AccentColor;
				CODE_SIGN_STYLE = Automatic;
				DEVELOPMENT_ASSET_PATHS = "\"Practice/Preview Content\"";
				DEVELOPMENT_TEAM = 7UU57B563T;
				ENABLE_PREVIEWS = YES;
				INFOPLIST_FILE = Practice/Info.plist;
				LD_RUNPATH_SEARCH_PATHS = (
					"$(inherited)",
					"@executable_path/Frameworks",
				);
				PRODUCT_BUNDLE_IDENTIFIER = eunji.lim.Practice;
				PRODUCT_NAME = "$(TARGET_NAME)";
				SWIFT_VERSION = 5.0;
				TARGETED_DEVICE_FAMILY = "1,2";
			};
			name = Release;
		};
/* End XCBuildConfiguration section */

/* Begin XCConfigurationList section */
		AE182BBC25CC59B8007BDD4F /* Build configuration list for PBXProject "Practice" */ = {
			isa = XCConfigurationList;
			buildConfigurations = (
				AE182BD325CC59BA007BDD4F /* Debug */,
				AE182BD425CC59BA007BDD4F /* Release */,
			);
			defaultConfigurationIsVisible = 0;
			defaultConfigurationName = Release;
		};
		AE182BD525CC59BA007BDD4F /* Build configuration list for PBXNativeTarget "Practice" */ = {
			isa = XCConfigurationList;
			buildConfigurations = (
				AE182BD625CC59BA007BDD4F /* Debug */,
				AE182BD725CC59BA007BDD4F /* Release */,
			);
			defaultConfigurationIsVisible = 0;
			defaultConfigurationName = Release;
		};
/* End XCConfigurationList section */
	};
	rootObject = AE182BB925CC59B8007BDD4F /* Project object */;
}
